
Microsoft Visual Studio Solution File, Format Version 12.00
# Visual Studio 2013
VisualStudioVersion = 12.0.21005.1
MinimumVisualStudioVersion = 10.0.40219.1
Project("{FAE04EC0-301F-11D3-BF4B-00C04F79EFBC}") = "ProcessoSeletivo", "ProcessoSeletivo\ProcessoSeletivo.csproj", "{855CEC43-DCF0-4FE8-8C29-54BC46ECADA6}"
EndProject
Project("{FAE04EC0-301F-11D3-BF4B-00C04F79EFBC}") = "ProcessoSeletivo.Tests", "ProcessoSeletivo.Tests\ProcessoSeletivo.Tests.csproj", "{A957F3D1-AFA4-48C1-B41F-EF766D24D585}"
EndProject
Global
	GlobalSection(SolutionConfigurationPlatforms) = preSolution
		Debug|Any CPU = Debug|Any CPU
		Release|Any CPU = Release|Any CPU
	EndGlobalSection
	GlobalSection(ProjectConfigurationPlatforms) = postSolution
		{855CEC43-DCF0-4FE8-8C29-54BC46ECADA6}.Debug|Any CPU.ActiveCfg = Debug|Any CPU
		{855CEC43-DCF0-4FE8-8C29-54BC46ECADA6}.Debug|Any CPU.Build.0 = Debug|Any CPU
		{855CEC43-DCF0-4FE8-8C29-54BC46ECADA6}.Release|Any CPU.ActiveCfg = Release|Any CPU
		{855CEC43-DCF0-4FE8-8C29-54BC46ECADA6}.Release|Any CPU.Build.0 = Release|Any CPU
		{A957F3D1-AFA4-48C1-B41F-EF766D24D585}.Debug|Any CPU.ActiveCfg = Debug|Any CPU
		{A957F3D1-AFA4-48C1-B41F-EF766D24D585}.Debug|Any CPU.Build.0 = Debug|Any CPU
		{A957F3D1-AFA4-48C1-B41F-EF766D24D585}.Release|Any CPU.ActiveCfg = Release|Any CPU
		{A957F3D1-AFA4-48C1-B41F-EF766D24D585}.Release|Any CPU.Build.0 = Release|Any CPU
	EndGlobalSection
	GlobalSection(SolutionProperties) = preSolution
		HideSolutionNode = FALSE
	EndGlobalSection
EndGlobal
